
Microsoft Visual Studio Solution File, Format Version 12.00
# Visual Studio Version 17
VisualStudioVersion = 17.0.31903.59
MinimumVisualStudioVersion = 10.0.40219.1
Project("{FAE04EC0-301F-11D3-BF4B-00C04F79EFBC}") = "UKG.Backend", "UKG.Backend\UKG.Backend.csproj", "{19DA61E6-D0F3-4485-B19A-496044E4B5B7}"
EndProject
Project("{FAE04EC0-301F-11D3-BF4B-00C04F79EFBC}") = "UKG.Storage", "UKG.Storage\UKG.Storage.csproj", "{459D8CAF-80E8-4A55-B5F4-04CAD5DAB048}"
EndProject
Project("{FAE04EC0-301F-11D3-BF4B-00C04F79EFBC}") = "UKG.Backend.Test", "UKG.Backend.Test\UKG.Backend.Test.csproj", "{7A0EA193-6F87-4032-BE52-0CBC27D02C38}"
EndProject
Project("{FAE04EC0-301F-11D3-BF4B-00C04F79EFBC}") = "UKG.Storage.Test", "UKG.Storage.Test\UKG.Storage.Test.csproj", "{035697FF-06B7-4F94-9D1D-A1367A43A4C1}"
EndProject
Project("{FAE04EC0-301F-11D3-BF4B-00C04F79EFBC}") = "UKG.Console", "UKG.Console\UKG.Console.csproj", "{DB44FB18-78F0-4691-B879-A999E48A2405}"
EndProject
Project("{FAE04EC0-301F-11D3-BF4B-00C04F79EFBC}") = "UKG.Api", "UKG.Api\UKG.Api.csproj", "{7371BE78-220C-4CB6-BDD9-5A2D2D4BD876}"
EndProject
Project("{FAE04EC0-301F-11D3-BF4B-00C04F79EFBC}") = "UKG.Api.Test", "UKG.Api.Test\UKG.Api.Test.csproj", "{33866FF0-0C49-4228-A33C-C11C9FBE272D}"
EndProject
Global
	GlobalSection(SolutionConfigurationPlatforms) = preSolution
		Debug|Any CPU = Debug|Any CPU
		Release|Any CPU = Release|Any CPU
	EndGlobalSection
	GlobalSection(SolutionProperties) = preSolution
		HideSolutionNode = FALSE
	EndGlobalSection
	GlobalSection(ProjectConfigurationPlatforms) = postSolution
		{19DA61E6-D0F3-4485-B19A-496044E4B5B7}.Debug|Any CPU.ActiveCfg = Debug|Any CPU
		{19DA61E6-D0F3-4485-B19A-496044E4B5B7}.Debug|Any CPU.Build.0 = Debug|Any CPU
		{19DA61E6-D0F3-4485-B19A-496044E4B5B7}.Release|Any CPU.ActiveCfg = Release|Any CPU
		{19DA61E6-D0F3-4485-B19A-496044E4B5B7}.Release|Any CPU.Build.0 = Release|Any CPU
		{459D8CAF-80E8-4A55-B5F4-04CAD5DAB048}.Debug|Any CPU.ActiveCfg = Debug|Any CPU
		{459D8CAF-80E8-4A55-B5F4-04CAD5DAB048}.Debug|Any CPU.Build.0 = Debug|Any CPU
		{459D8CAF-80E8-4A55-B5F4-04CAD5DAB048}.Release|Any CPU.ActiveCfg = Release|Any CPU
		{459D8CAF-80E8-4A55-B5F4-04CAD5DAB048}.Release|Any CPU.Build.0 = Release|Any CPU
		{7A0EA193-6F87-4032-BE52-0CBC27D02C38}.Debug|Any CPU.ActiveCfg = Debug|Any CPU
		{7A0EA193-6F87-4032-BE52-0CBC27D02C38}.Debug|Any CPU.Build.0 = Debug|Any CPU
		{7A0EA193-6F87-4032-BE52-0CBC27D02C38}.Release|Any CPU.ActiveCfg = Release|Any CPU
		{7A0EA193-6F87-4032-BE52-0CBC27D02C38}.Release|Any CPU.Build.0 = Release|Any CPU
		{035697FF-06B7-4F94-9D1D-A1367A43A4C1}.Debug|Any CPU.ActiveCfg = Debug|Any CPU
		{035697FF-06B7-4F94-9D1D-A1367A43A4C1}.Debug|Any CPU.Build.0 = Debug|Any CPU
		{035697FF-06B7-4F94-9D1D-A1367A43A4C1}.Release|Any CPU.ActiveCfg = Release|Any CPU
		{035697FF-06B7-4F94-9D1D-A1367A43A4C1}.Release|Any CPU.Build.0 = Release|Any CPU
		{DB44FB18-78F0-4691-B879-A999E48A2405}.Debug|Any CPU.ActiveCfg = Debug|Any CPU
		{DB44FB18-78F0-4691-B879-A999E48A2405}.Debug|Any CPU.Build.0 = Debug|Any CPU
		{DB44FB18-78F0-4691-B879-A999E48A2405}.Release|Any CPU.ActiveCfg = Release|Any CPU
		{DB44FB18-78F0-4691-B879-A999E48A2405}.Release|Any CPU.Build.0 = Release|Any CPU
		{7371BE78-220C-4CB6-BDD9-5A2D2D4BD876}.Debug|Any CPU.ActiveCfg = Debug|Any CPU
		{7371BE78-220C-4CB6-BDD9-5A2D2D4BD876}.Debug|Any CPU.Build.0 = Debug|Any CPU
		{7371BE78-220C-4CB6-BDD9-5A2D2D4BD876}.Release|Any CPU.ActiveCfg = Release|Any CPU
		{7371BE78-220C-4CB6-BDD9-5A2D2D4BD876}.Release|Any CPU.Build.0 = Release|Any CPU
		{33866FF0-0C49-4228-A33C-C11C9FBE272D}.Debug|Any CPU.ActiveCfg = Debug|Any CPU
		{33866FF0-0C49-4228-A33C-C11C9FBE272D}.Debug|Any CPU.Build.0 = Debug|Any CPU
		{33866FF0-0C49-4228-A33C-C11C9FBE272D}.Release|Any CPU.ActiveCfg = Release|Any CPU
		{33866FF0-0C49-4228-A33C-C11C9FBE272D}.Release|Any CPU.Build.0 = Release|Any CPU
	EndGlobalSection
EndGlobal
